
Microsoft Visual Studio Solution File, Format Version 12.00
# Visual Studio Version 18
VisualStudioVersion = 18.6.11806.211
MinimumVisualStudioVersion = 10.0.40219.1
Project("{9A19103F-16F7-4668-BE54-9A1E7A4F7556}") = "Mindstorms.Controller", "Mindstorms.Controller\Mindstorms.Controller.csproj", "{34F77AB9-1AC2-4B1D-B794-314CEB201120}"
EndProject
Project("{9A19103F-16F7-4668-BE54-9A1E7A4F7556}") = "SpeechRecognition", "SpeechRecognition\SpeechRecognition.csproj", "{88245A46-337C-48CB-AE76-73B808D9335A}"
EndProject
Project("{2150E333-8FDC-42A3-9474-1A3956D46DE8}") = "Solution Items", "Solution Items", "{18BBA5F6-20E7-48B3-8064-5185C43DD4B1}"
	ProjectSection(SolutionItems) = preProject
		CONTRIBUTING.md = CONTRIBUTING.md
		LICENSE.txt = LICENSE.txt
		README.md = README.md
		SECURITY.md = SECURITY.md
	EndProjectSection
EndProject
Project("{9A19103F-16F7-4668-BE54-9A1E7A4F7556}") = "Mindstorms.CLI", "Mindstorms.CLI\Mindstorms.CLI.csproj", "{320A726F-0258-4AEE-8C9A-07DF6ED0B4AF}"
EndProject
Project("{930C7802-8A8C-48F9-8165-68863BCCD9DD}") = "Mindstorms.Installer", "Mindstorms.Installer\Mindstorms.Installer.wixproj", "{72349DFB-0B8D-44DB-BAF7-E78A8B053F95}"
	ProjectSection(ProjectDependencies) = postProject
		{320A726F-0258-4AEE-8C9A-07DF6ED0B4AF} = {320A726F-0258-4AEE-8C9A-07DF6ED0B4AF}
		{34F77AB9-1AC2-4B1D-B794-314CEB201120} = {34F77AB9-1AC2-4B1D-B794-314CEB201120}
		{88245A46-337C-48CB-AE76-73B808D9335A} = {88245A46-337C-48CB-AE76-73B808D9335A}
	EndProjectSection
EndProject
Project("{9A19103F-16F7-4668-BE54-9A1E7A4F7556}") = "LargeLanguageModelClient", "LargeLanguageModelClient\LargeLanguageModelClient.csproj", "{7DC1A876-B892-4045-A11C-A6E9BB3B804F}"
EndProject
Project("{FAE04EC0-301F-11D3-BF4B-00C04F79EFBC}") = "MindForge.EV3", "MindForge.EV3\MindForge.EV3.csproj", "{198BD985-81D2-4F2A-8328-44EA30BA974B}"
EndProject
Global
	GlobalSection(SolutionConfigurationPlatforms) = preSolution
		Debug|Any CPU = Debug|Any CPU
		Debug|x86 = Debug|x86
		Release|Any CPU = Release|Any CPU
		Release|x86 = Release|x86
		ReleaseWithoutJoystick|Any CPU = ReleaseWithoutJoystick|Any CPU
		ReleaseWithoutJoystick|x86 = ReleaseWithoutJoystick|x86
	EndGlobalSection
	GlobalSection(ProjectConfigurationPlatforms) = postSolution
		{34F77AB9-1AC2-4B1D-B794-314CEB201120}.Debug|Any CPU.ActiveCfg = Debug|Any CPU
		{34F77AB9-1AC2-4B1D-B794-314CEB201120}.Debug|Any CPU.Build.0 = Debug|Any CPU
		{34F77AB9-1AC2-4B1D-B794-314CEB201120}.Debug|x86.ActiveCfg = Debug|Any CPU
		{34F77AB9-1AC2-4B1D-B794-314CEB201120}.Debug|x86.Build.0 = Debug|Any CPU
		{34F77AB9-1AC2-4B1D-B794-314CEB201120}.Release|Any CPU.ActiveCfg = Release|Any CPU
		{34F77AB9-1AC2-4B1D-B794-314CEB201120}.Release|Any CPU.Build.0 = Release|Any CPU
		{34F77AB9-1AC2-4B1D-B794-314CEB201120}.Release|x86.ActiveCfg = Release|Any CPU
		{34F77AB9-1AC2-4B1D-B794-314CEB201120}.Release|x86.Build.0 = Release|Any CPU
		{34F77AB9-1AC2-4B1D-B794-314CEB201120}.ReleaseWithoutJoystick|Any CPU.ActiveCfg = ReleaseWithoutJoystick|Any CPU
		{34F77AB9-1AC2-4B1D-B794-314CEB201120}.ReleaseWithoutJoystick|Any CPU.Build.0 = ReleaseWithoutJoystick|Any CPU
		{34F77AB9-1AC2-4B1D-B794-314CEB201120}.ReleaseWithoutJoystick|x86.ActiveCfg = ReleaseWithoutJoystick|Any CPU
		{34F77AB9-1AC2-4B1D-B794-314CEB201120}.ReleaseWithoutJoystick|x86.Build.0 = ReleaseWithoutJoystick|Any CPU
		{88245A46-337C-48CB-AE76-73B808D9335A}.Debug|Any CPU.ActiveCfg = Debug|Any CPU
		{88245A46-337C-48CB-AE76-73B808D9335A}.Debug|Any CPU.Build.0 = Debug|Any CPU
		{88245A46-337C-48CB-AE76-73B808D9335A}.Debug|x86.ActiveCfg = Debug|Any CPU
		{88245A46-337C-48CB-AE76-73B808D9335A}.Debug|x86.Build.0 = Debug|Any CPU
		{88245A46-337C-48CB-AE76-73B808D9335A}.Release|Any CPU.ActiveCfg = Release|Any CPU
		{88245A46-337C-48CB-AE76-73B808D9335A}.Release|Any CPU.Build.0 = Release|Any CPU
		{88245A46-337C-48CB-AE76-73B808D9335A}.Release|x86.ActiveCfg = Release|Any CPU
		{88245A46-337C-48CB-AE76-73B808D9335A}.Release|x86.Build.0 = Release|Any CPU
		{88245A46-337C-48CB-AE76-73B808D9335A}.ReleaseWithoutJoystick|Any CPU.ActiveCfg = Debug|Any CPU
		{88245A46-337C-48CB-AE76-73B808D9335A}.ReleaseWithoutJoystick|x86.ActiveCfg = Release|Any CPU
		{88245A46-337C-48CB-AE76-73B808D9335A}.ReleaseWithoutJoystick|x86.Build.0 = Release|Any CPU
		{320A726F-0258-4AEE-8C9A-07DF6ED0B4AF}.Debug|Any CPU.ActiveCfg = Debug|Any CPU
		{320A726F-0258-4AEE-8C9A-07DF6ED0B4AF}.Debug|Any CPU.Build.0 = Debug|Any CPU
		{320A726F-0258-4AEE-8C9A-07DF6ED0B4AF}.Debug|x86.ActiveCfg = Debug|Any CPU
		{320A726F-0258-4AEE-8C9A-07DF6ED0B4AF}.Debug|x86.Build.0 = Debug|Any CPU
		{320A726F-0258-4AEE-8C9A-07DF6ED0B4AF}.Release|Any CPU.ActiveCfg = Release|Any CPU
		{320A726F-0258-4AEE-8C9A-07DF6ED0B4AF}.Release|Any CPU.Build.0 = Release|Any CPU
		{320A726F-0258-4AEE-8C9A-07DF6ED0B4AF}.Release|x86.ActiveCfg = Release|Any CPU
		{320A726F-0258-4AEE-8C9A-07DF6ED0B4AF}.Release|x86.Build.0 = Release|Any CPU
		{320A726F-0258-4AEE-8C9A-07DF6ED0B4AF}.ReleaseWithoutJoystick|Any CPU.ActiveCfg = Debug|Any CPU
		{320A726F-0258-4AEE-8C9A-07DF6ED0B4AF}.ReleaseWithoutJoystick|Any CPU.Build.0 = Debug|Any CPU
		{320A726F-0258-4AEE-8C9A-07DF6ED0B4AF}.ReleaseWithoutJoystick|x86.ActiveCfg = Release|Any CPU
		{320A726F-0258-4AEE-8C9A-07DF6ED0B4AF}.ReleaseWithoutJoystick|x86.Build.0 = Release|Any CPU
		{72349DFB-0B8D-44DB-BAF7-E78A8B053F95}.Debug|Any CPU.ActiveCfg = Debug|x86
		{72349DFB-0B8D-44DB-BAF7-E78A8B053F95}.Debug|Any CPU.Build.0 = Debug|x86
		{72349DFB-0B8D-44DB-BAF7-E78A8B053F95}.Debug|x86.ActiveCfg = Debug|x86
		{72349DFB-0B8D-44DB-BAF7-E78A8B053F95}.Debug|x86.Build.0 = Debug|x86
		{72349DFB-0B8D-44DB-BAF7-E78A8B053F95}.Release|Any CPU.ActiveCfg = Release|x86
		{72349DFB-0B8D-44DB-BAF7-E78A8B053F95}.Release|Any CPU.Build.0 = Release|x86
		{72349DFB-0B8D-44DB-BAF7-E78A8B053F95}.Release|x86.ActiveCfg = Release|x86
		{72349DFB-0B8D-44DB-BAF7-E78A8B053F95}.Release|x86.Build.0 = Release|x86
		{72349DFB-0B8D-44DB-BAF7-E78A8B053F95}.ReleaseWithoutJoystick|Any CPU.ActiveCfg = Debug|x86
		{72349DFB-0B8D-44DB-BAF7-E78A8B053F95}.ReleaseWithoutJoystick|x86.ActiveCfg = Release|x86
		{72349DFB-0B8D-44DB-BAF7-E78A8B053F95}.ReleaseWithoutJoystick|x86.Build.0 = Release|x86
		{7DC1A876-B892-4045-A11C-A6E9BB3B804F}.Debug|Any CPU.ActiveCfg = Debug|Any CPU
		{7DC1A876-B892-4045-A11C-A6E9BB3B804F}.Debug|Any CPU.Build.0 = Debug|Any CPU
		{7DC1A876-B892-4045-A11C-A6E9BB3B804F}.Debug|x86.ActiveCfg = Debug|Any CPU
		{7DC1A876-B892-4045-A11C-A6E9BB3B804F}.Debug|x86.Build.0 = Debug|Any CPU
		{7DC1A876-B892-4045-A11C-A6E9BB3B804F}.Release|Any CPU.ActiveCfg = Release|Any CPU
		{7DC1A876-B892-4045-A11C-A6E9BB3B804F}.Release|Any CPU.Build.0 = Release|Any CPU
		{7DC1A876-B892-4045-A11C-A6E9BB3B804F}.Release|x86.ActiveCfg = Release|Any CPU
		{7DC1A876-B892-4045-A11C-A6E9BB3B804F}.Release|x86.Build.0 = Release|Any CPU
		{7DC1A876-B892-4045-A11C-A6E9BB3B804F}.ReleaseWithoutJoystick|Any CPU.ActiveCfg = Release|Any CPU
		{7DC1A876-B892-4045-A11C-A6E9BB3B804F}.ReleaseWithoutJoystick|Any CPU.Build.0 = Release|Any CPU
		{7DC1A876-B892-4045-A11C-A6E9BB3B804F}.ReleaseWithoutJoystick|x86.ActiveCfg = Release|Any CPU
		{7DC1A876-B892-4045-A11C-A6E9BB3B804F}.ReleaseWithoutJoystick|x86.Build.0 = Release|Any CPU
		{198BD985-81D2-4F2A-8328-44EA30BA974B}.Debug|Any CPU.ActiveCfg = Debug|Any CPU
		{198BD985-81D2-4F2A-8328-44EA30BA974B}.Debug|Any CPU.Build.0 = Debug|Any CPU
		{198BD985-81D2-4F2A-8328-44EA30BA974B}.Debug|Any CPU.Deploy.0 = Debug|Any CPU
		{198BD985-81D2-4F2A-8328-44EA30BA974B}.Debug|x86.ActiveCfg = Debug|Any CPU
		{198BD985-81D2-4F2A-8328-44EA30BA974B}.Debug|x86.Build.0 = Debug|Any CPU
		{198BD985-81D2-4F2A-8328-44EA30BA974B}.Release|Any CPU.ActiveCfg = Release|Any CPU
		{198BD985-81D2-4F2A-8328-44EA30BA974B}.Release|Any CPU.Build.0 = Release|Any CPU
		{198BD985-81D2-4F2A-8328-44EA30BA974B}.Release|x86.ActiveCfg = Release|Any CPU
		{198BD985-81D2-4F2A-8328-44EA30BA974B}.Release|x86.Build.0 = Release|Any CPU
		{198BD985-81D2-4F2A-8328-44EA30BA974B}.ReleaseWithoutJoystick|Any CPU.ActiveCfg = Release|Any CPU
		{198BD985-81D2-4F2A-8328-44EA30BA974B}.ReleaseWithoutJoystick|Any CPU.Build.0 = Release|Any CPU
		{198BD985-81D2-4F2A-8328-44EA30BA974B}.ReleaseWithoutJoystick|x86.ActiveCfg = Release|Any CPU
		{198BD985-81D2-4F2A-8328-44EA30BA974B}.ReleaseWithoutJoystick|x86.Build.0 = Release|Any CPU
	EndGlobalSection
	GlobalSection(SolutionProperties) = preSolution
		HideSolutionNode = FALSE
	EndGlobalSection
	GlobalSection(ExtensibilityGlobals) = postSolution
		SolutionGuid = {05B30CCF-9E84-4BB5-8926-9837C48EF91D}
	EndGlobalSection
EndGlobal
